// !$*UTF8*$!
{
	archiveVersion = 1;
	classes = {
	};
	objectVersion = 55;
	objects = {

/* Begin PBXBuildFile section */
		999BD744284D203200B3EB29 /* ImageUploader.swift in Sources */ = {isa = PBXBuildFile; fileRef = 999BD743284D203200B3EB29 /* ImageUploader.swift */; };
		999BD746284DBB7100B3EB29 /* Constants.swift in Sources */ = {isa = PBXBuildFile; fileRef = 999BD745284DBB7100B3EB29 /* Constants.swift */; };
		999BD748284DBD6400B3EB29 /* User.swift in Sources */ = {isa = PBXBuildFile; fileRef = 999BD747284DBD6400B3EB29 /* User.swift */; };
		999BD74B284DC0B900B3EB29 /* FirebaseAuth in Frameworks */ = {isa = PBXBuildFile; productRef = 999BD74A284DC0B900B3EB29 /* FirebaseAuth */; };
		999BD74D284DC0B900B3EB29 /* FirebaseFirestore in Frameworks */ = {isa = PBXBuildFile; productRef = 999BD74C284DC0B900B3EB29 /* FirebaseFirestore */; };
		999BD74F284DC0B900B3EB29 /* FirebaseFirestoreSwift in Frameworks */ = {isa = PBXBuildFile; productRef = 999BD74E284DC0B900B3EB29 /* FirebaseFirestoreSwift */; };
		999BD751284DC0B900B3EB29 /* FirebaseFunctions in Frameworks */ = {isa = PBXBuildFile; productRef = 999BD750284DC0B900B3EB29 /* FirebaseFunctions */; };
		999BD753284DC0B900B3EB29 /* FirebaseMessaging in Frameworks */ = {isa = PBXBuildFile; productRef = 999BD752284DC0B900B3EB29 /* FirebaseMessaging */; };
		999BD755284DC0B900B3EB29 /* FirebaseStorage in Frameworks */ = {isa = PBXBuildFile; productRef = 999BD754284DC0B900B3EB29 /* FirebaseStorage */; };
		999BD757284DD0B800B3EB29 /* SearchViewModel.swift in Sources */ = {isa = PBXBuildFile; fileRef = 999BD756284DD0B800B3EB29 /* SearchViewModel.swift */; };
		999BD75A284DE40900B3EB29 /* Kingfisher in Frameworks */ = {isa = PBXBuildFile; productRef = 999BD759284DE40900B3EB29 /* Kingfisher */; };
		999BD75C284E3E6700B3EB29 /* ProfileViewModel.swift in Sources */ = {isa = PBXBuildFile; fileRef = 999BD75B284E3E6700B3EB29 /* ProfileViewModel.swift */; };
		999BD75E284EEF5B00B3EB29 /* UserService.swift in Sources */ = {isa = PBXBuildFile; fileRef = 999BD75D284EEF5B00B3EB29 /* UserService.swift */; };
		999BD760284F364B00B3EB29 /* UploadPostViewModel.swift in Sources */ = {isa = PBXBuildFile; fileRef = 999BD75F284F364B00B3EB29 /* UploadPostViewModel.swift */; };
		999BD7622851C6DF00B3EB29 /* TextArea.swift in Sources */ = {isa = PBXBuildFile; fileRef = 999BD7612851C6DF00B3EB29 /* TextArea.swift */; };
		999BD7642851DF4400B3EB29 /* Post.swift in Sources */ = {isa = PBXBuildFile; fileRef = 999BD7632851DF4400B3EB29 /* Post.swift */; };
		999BD7662851E12900B3EB29 /* FeedViewModel.swift in Sources */ = {isa = PBXBuildFile; fileRef = 999BD7652851E12900B3EB29 /* FeedViewModel.swift */; };
		999BD7682852638500B3EB29 /* PostGridViewModel.swift in Sources */ = {isa = PBXBuildFile; fileRef = 999BD7672852638500B3EB29 /* PostGridViewModel.swift */; };
		999BD76A2852F1A900B3EB29 /* FeedCellViewModel.swift in Sources */ = {isa = PBXBuildFile; fileRef = 999BD7692852F1A900B3EB29 /* FeedCellViewModel.swift */; };
		999BD7702853582200B3EB29 /* Comment.swift in Sources */ = {isa = PBXBuildFile; fileRef = 999BD76F2853582200B3EB29 /* Comment.swift */; };
		999BD7722853583D00B3EB29 /* CommentViewModel.swift in Sources */ = {isa = PBXBuildFile; fileRef = 999BD7712853583D00B3EB29 /* CommentViewModel.swift */; };
		999BD7742853590300B3EB29 /* CommentsView.swift in Sources */ = {isa = PBXBuildFile; fileRef = 999BD7732853590300B3EB29 /* CommentsView.swift */; };
		999BD7762853591000B3EB29 /* CommentCell.swift in Sources */ = {isa = PBXBuildFile; fileRef = 999BD7752853591000B3EB29 /* CommentCell.swift */; };
		999BD7782853603500B3EB29 /* CustomInputView.swift in Sources */ = {isa = PBXBuildFile; fileRef = 999BD7772853603500B3EB29 /* CustomInputView.swift */; };
		999BD77A28543EEF00B3EB29 /* Notification.swift in Sources */ = {isa = PBXBuildFile; fileRef = 999BD77928543EEF00B3EB29 /* Notification.swift */; };
		999BD77C28544F7800B3EB29 /* NotificationsViewModel.swift in Sources */ = {isa = PBXBuildFile; fileRef = 999BD77B28544F7800B3EB29 /* NotificationsViewModel.swift */; };
		999BD77E2854722B00B3EB29 /* NotificationCellViewModel.swift in Sources */ = {isa = PBXBuildFile; fileRef = 999BD77D2854722B00B3EB29 /* NotificationCellViewModel.swift */; };
		999BD7802854E13900B3EB29 /* LazyView.swift in Sources */ = {isa = PBXBuildFile; fileRef = 999BD77F2854E13900B3EB29 /* LazyView.swift */; };
		999BD7822854F8A600B3EB29 /* CommentCellViewModel.swift in Sources */ = {isa = PBXBuildFile; fileRef = 999BD7812854F8A500B3EB29 /* CommentCellViewModel.swift */; };
		99A0D70C28404AE7007009D1 /* InstagramSwiftUIApp.swift in Sources */ = {isa = PBXBuildFile; fileRef = 99A0D70B28404AE7007009D1 /* InstagramSwiftUIApp.swift */; };
		99A0D70E28404AE7007009D1 /* ContentView.swift in Sources */ = {isa = PBXBuildFile; fileRef = 99A0D70D28404AE7007009D1 /* ContentView.swift */; };
		99A0D71028404AEC007009D1 /* Assets.xcassets in Resources */ = {isa = PBXBuildFile; fileRef = 99A0D70F28404AEC007009D1 /* Assets.xcassets */; };
		99A0D71328404AEC007009D1 /* Preview Assets.xcassets in Resources */ = {isa = PBXBuildFile; fileRef = 99A0D71228404AEC007009D1 /* Preview Assets.xcassets */; };
		99A0D72828404FBC007009D1 /* UploadPostView.swift in Sources */ = {isa = PBXBuildFile; fileRef = 99A0D72728404FBC007009D1 /* UploadPostView.swift */; };
		99A0D72A28404FD0007009D1 /* ProfileView.swift in Sources */ = {isa = PBXBuildFile; fileRef = 99A0D72928404FD0007009D1 /* ProfileView.swift */; };
		99A0D72C28404FF2007009D1 /* SearchView.swift in Sources */ = {isa = PBXBuildFile; fileRef = 99A0D72B28404FF2007009D1 /* SearchView.swift */; };
		99A0D72E28405006007009D1 /* NotificationsView.swift in Sources */ = {isa = PBXBuildFile; fileRef = 99A0D72D28405006007009D1 /* NotificationsView.swift */; };
		99A0D7302840504F007009D1 /* MainTabView.swift in Sources */ = {isa = PBXBuildFile; fileRef = 99A0D72F2840504F007009D1 /* MainTabView.swift */; };
		99A0D73228405089007009D1 /* FeedView.swift in Sources */ = {isa = PBXBuildFile; fileRef = 99A0D73128405089007009D1 /* FeedView.swift */; };
		99A0D73428407176007009D1 /* FeedCell.swift in Sources */ = {isa = PBXBuildFile; fileRef = 99A0D73328407176007009D1 /* FeedCell.swift */; };
		99A0D7362840A5F2007009D1 /* SearchBar.swift in Sources */ = {isa = PBXBuildFile; fileRef = 99A0D7352840A5F2007009D1 /* SearchBar.swift */; };
		99A0D7382840A925007009D1 /* PostGridView.swift in Sources */ = {isa = PBXBuildFile; fileRef = 99A0D7372840A925007009D1 /* PostGridView.swift */; };
		99A0D73A2840AB22007009D1 /* UserCell.swift in Sources */ = {isa = PBXBuildFile; fileRef = 99A0D7392840AB22007009D1 /* UserCell.swift */; };
		99A0D73C2840B434007009D1 /* UserListView.swift in Sources */ = {isa = PBXBuildFile; fileRef = 99A0D73B2840B434007009D1 /* UserListView.swift */; };
		99A0D73E2840C2F8007009D1 /* Extensions.swift in Sources */ = {isa = PBXBuildFile; fileRef = 99A0D73D2840C2F7007009D1 /* Extensions.swift */; };
		99A0D7402840CC66007009D1 /* NotificationCell.swift in Sources */ = {isa = PBXBuildFile; fileRef = 99A0D73F2840CC66007009D1 /* NotificationCell.swift */; };
		99A0D74228420FB4007009D1 /* ProfileHeaderView.swift in Sources */ = {isa = PBXBuildFile; fileRef = 99A0D74128420FB3007009D1 /* ProfileHeaderView.swift */; };
		99A0D7442842165C007009D1 /* UserStatView.swift in Sources */ = {isa = PBXBuildFile; fileRef = 99A0D7432842165C007009D1 /* UserStatView.swift */; };
		99A0D74628421ACE007009D1 /* ProfileActionButtonView.swift in Sources */ = {isa = PBXBuildFile; fileRef = 99A0D74528421ACE007009D1 /* ProfileActionButtonView.swift */; };
		99A0D74A28428624007009D1 /* LoginView.swift in Sources */ = {isa = PBXBuildFile; fileRef = 99A0D74928428624007009D1 /* LoginView.swift */; };
		99A0D74C28428641007009D1 /* RegistrationView.swift in Sources */ = {isa = PBXBuildFile; fileRef = 99A0D74B28428641007009D1 /* RegistrationView.swift */; };
		99A0D74E28428653007009D1 /* ResetPasswordView.swift in Sources */ = {isa = PBXBuildFile; fileRef = 99A0D74D28428653007009D1 /* ResetPasswordView.swift */; };
		99A0D75228428C0E007009D1 /* CustomTextField.swift in Sources */ = {isa = PBXBuildFile; fileRef = 99A0D75128428C0E007009D1 /* CustomTextField.swift */; };
		99A0D75428428E38007009D1 /* CustomSecureField.swift in Sources */ = {isa = PBXBuildFile; fileRef = 99A0D75328428E38007009D1 /* CustomSecureField.swift */; };
		99A0D7582843B9D6007009D1 /* PhotoLibraryPicker.swift in Sources */ = {isa = PBXBuildFile; fileRef = 99A0D7572843B9D6007009D1 /* PhotoLibraryPicker.swift */; };
		99A0D78B28468437007009D1 /* GoogleService-Info.plist in Resources */ = {isa = PBXBuildFile; fileRef = 99A0D78A28468437007009D1 /* GoogleService-Info.plist */; };
		99A0D79128471699007009D1 /* AuthViewModel.swift in Sources */ = {isa = PBXBuildFile; fileRef = 99A0D79028471699007009D1 /* AuthViewModel.swift */; };
/* End PBXBuildFile section */

/* Begin PBXFileReference section */
		999BD743284D203200B3EB29 /* ImageUploader.swift */ = {isa = PBXFileReference; lastKnownFileType = sourcecode.swift; path = ImageUploader.swift; sourceTree = "<group>"; };
		999BD745284DBB7100B3EB29 /* Constants.swift */ = {isa = PBXFileReference; lastKnownFileType = sourcecode.swift; path = Constants.swift; sourceTree = "<group>"; };
		999BD747284DBD6400B3EB29 /* User.swift */ = {isa = PBXFileReference; lastKnownFileType = sourcecode.swift; path = User.swift; sourceTree = "<group>"; };
		999BD756284DD0B800B3EB29 /* SearchViewModel.swift */ = {isa = PBXFileReference; lastKnownFileType = sourcecode.swift; path = SearchViewModel.swift; sourceTree = "<group>"; };
		999BD75B284E3E6700B3EB29 /* ProfileViewModel.swift */ = {isa = PBXFileReference; lastKnownFileType = sourcecode.swift; path = ProfileViewModel.swift; sourceTree = "<group>"; };
		999BD75D284EEF5B00B3EB29 /* UserService.swift */ = {isa = PBXFileReference; lastKnownFileType = sourcecode.swift; path = UserService.swift; sourceTree = "<group>"; };
		999BD75F284F364B00B3EB29 /* UploadPostViewModel.swift */ = {isa = PBXFileReference; lastKnownFileType = sourcecode.swift; path = UploadPostViewModel.swift; sourceTree = "<group>"; };
		999BD7612851C6DF00B3EB29 /* TextArea.swift */ = {isa = PBXFileReference; lastKnownFileType = sourcecode.swift; path = TextArea.swift; sourceTree = "<group>"; };
		999BD7632851DF4400B3EB29 /* Post.swift */ = {isa = PBXFileReference; lastKnownFileType = sourcecode.swift; path = Post.swift; sourceTree = "<group>"; };
		999BD7652851E12900B3EB29 /* FeedViewModel.swift */ = {isa = PBXFileReference; lastKnownFileType = sourcecode.swift; path = FeedViewModel.swift; sourceTree = "<group>"; };
		999BD7672852638500B3EB29 /* PostGridViewModel.swift */ = {isa = PBXFileReference; lastKnownFileType = sourcecode.swift; path = PostGridViewModel.swift; sourceTree = "<group>"; };
		999BD7692852F1A900B3EB29 /* FeedCellViewModel.swift */ = {isa = PBXFileReference; lastKnownFileType = sourcecode.swift; path = FeedCellViewModel.swift; sourceTree = "<group>"; };
		999BD76F2853582200B3EB29 /* Comment.swift */ = {isa = PBXFileReference; lastKnownFileType = sourcecode.swift; path = Comment.swift; sourceTree = "<group>"; };
		999BD7712853583D00B3EB29 /* CommentViewModel.swift */ = {isa = PBXFileReference; lastKnownFileType = sourcecode.swift; path = CommentViewModel.swift; sourceTree = "<group>"; };
		999BD7732853590300B3EB29 /* CommentsView.swift */ = {isa = PBXFileReference; lastKnownFileType = sourcecode.swift; path = CommentsView.swift; sourceTree = "<group>"; };
		999BD7752853591000B3EB29 /* CommentCell.swift */ = {isa = PBXFileReference; lastKnownFileType = sourcecode.swift; path = CommentCell.swift; sourceTree = "<group>"; };
		999BD7772853603500B3EB29 /* CustomInputView.swift */ = {isa = PBXFileReference; lastKnownFileType = sourcecode.swift; path = CustomInputView.swift; sourceTree = "<group>"; };
		999BD77928543EEF00B3EB29 /* Notification.swift */ = {isa = PBXFileReference; lastKnownFileType = sourcecode.swift; path = Notification.swift; sourceTree = "<group>"; };
		999BD77B28544F7800B3EB29 /* NotificationsViewModel.swift */ = {isa = PBXFileReference; lastKnownFileType = sourcecode.swift; path = NotificationsViewModel.swift; sourceTree = "<group>"; };
		999BD77D2854722B00B3EB29 /* NotificationCellViewModel.swift */ = {isa = PBXFileReference; lastKnownFileType = sourcecode.swift; path = NotificationCellViewModel.swift; sourceTree = "<group>"; };
		999BD77F2854E13900B3EB29 /* LazyView.swift */ = {isa = PBXFileReference; lastKnownFileType = sourcecode.swift; path = LazyView.swift; sourceTree = "<group>"; };
		999BD7812854F8A500B3EB29 /* CommentCellViewModel.swift */ = {isa = PBXFileReference; lastKnownFileType = sourcecode.swift; path = CommentCellViewModel.swift; sourceTree = "<group>"; };
		99A0D70828404AE7007009D1 /* InstagramSwiftUI.app */ = {isa = PBXFileReference; explicitFileType = wrapper.application; includeInIndex = 0; path = InstagramSwiftUI.app; sourceTree = BUILT_PRODUCTS_DIR; };
		99A0D70B28404AE7007009D1 /* InstagramSwiftUIApp.swift */ = {isa = PBXFileReference; lastKnownFileType = sourcecode.swift; path = InstagramSwiftUIApp.swift; sourceTree = "<group>"; };
		99A0D70D28404AE7007009D1 /* ContentView.swift */ = {isa = PBXFileReference; lastKnownFileType = sourcecode.swift; path = ContentView.swift; sourceTree = "<group>"; };
		99A0D70F28404AEC007009D1 /* Assets.xcassets */ = {isa = PBXFileReference; lastKnownFileType = folder.assetcatalog; path = Assets.xcassets; sourceTree = "<group>"; };
		99A0D71228404AEC007009D1 /* Preview Assets.xcassets */ = {isa = PBXFileReference; lastKnownFileType = folder.assetcatalog; path = "Preview Assets.xcassets"; sourceTree = "<group>"; };
		99A0D72728404FBC007009D1 /* UploadPostView.swift */ = {isa = PBXFileReference; lastKnownFileType = sourcecode.swift; path = UploadPostView.swift; sourceTree = "<group>"; };
		99A0D72928404FD0007009D1 /* ProfileView.swift */ = {isa = PBXFileReference; lastKnownFileType = sourcecode.swift; path = ProfileView.swift; sourceTree = "<group>"; };
		99A0D72B28404FF2007009D1 /* SearchView.swift */ = {isa = PBXFileReference; lastKnownFileType = sourcecode.swift; path = SearchView.swift; sourceTree = "<group>"; };
		99A0D72D28405006007009D1 /* NotificationsView.swift */ = {isa = PBXFileReference; lastKnownFileType = sourcecode.swift; path = NotificationsView.swift; sourceTree = "<group>"; };
		99A0D72F2840504F007009D1 /* MainTabView.swift */ = {isa = PBXFileReference; lastKnownFileType = sourcecode.swift; path = MainTabView.swift; sourceTree = "<group>"; };
		99A0D73128405089007009D1 /* FeedView.swift */ = {isa = PBXFileReference; lastKnownFileType = sourcecode.swift; path = FeedView.swift; sourceTree = "<group>"; };
		99A0D73328407176007009D1 /* FeedCell.swift */ = {isa = PBXFileReference; lastKnownFileType = sourcecode.swift; path = FeedCell.swift; sourceTree = "<group>"; };
		99A0D7352840A5F2007009D1 /* SearchBar.swift */ = {isa = PBXFileReference; lastKnownFileType = sourcecode.swift; path = SearchBar.swift; sourceTree = "<group>"; };
		99A0D7372840A925007009D1 /* PostGridView.swift */ = {isa = PBXFileReference; lastKnownFileType = sourcecode.swift; path = PostGridView.swift; sourceTree = "<group>"; };
		99A0D7392840AB22007009D1 /* UserCell.swift */ = {isa = PBXFileReference; lastKnownFileType = sourcecode.swift; path = UserCell.swift; sourceTree = "<group>"; };
		99A0D73B2840B434007009D1 /* UserListView.swift */ = {isa = PBXFileReference; lastKnownFileType = sourcecode.swift; path = UserListView.swift; sourceTree = "<group>"; };
		99A0D73D2840C2F7007009D1 /* Extensions.swift */ = {isa = PBXFileReference; lastKnownFileType = sourcecode.swift; path = Extensions.swift; sourceTree = "<group>"; };
		99A0D73F2840CC66007009D1 /* NotificationCell.swift */ = {isa = PBXFileReference; lastKnownFileType = sourcecode.swift; path = NotificationCell.swift; sourceTree = "<group>"; };
		99A0D74128420FB3007009D1 /* ProfileHeaderView.swift */ = {isa = PBXFileReference; lastKnownFileType = sourcecode.swift; path = ProfileHeaderView.swift; sourceTree = "<group>"; };
		99A0D7432842165C007009D1 /* UserStatView.swift */ = {isa = PBXFileReference; lastKnownFileType = sourcecode.swift; path = UserStatView.swift; sourceTree = "<group>"; };
		99A0D74528421ACE007009D1 /* ProfileActionButtonView.swift */ = {isa = PBXFileReference; lastKnownFileType = sourcecode.swift; path = ProfileActionButtonView.swift; sourceTree = "<group>"; };
		99A0D74928428624007009D1 /* LoginView.swift */ = {isa = PBXFileReference; lastKnownFileType = sourcecode.swift; path = LoginView.swift; sourceTree = "<group>"; };
		99A0D74B28428641007009D1 /* RegistrationView.swift */ = {isa = PBXFileReference; lastKnownFileType = sourcecode.swift; path = RegistrationView.swift; sourceTree = "<group>"; };
		99A0D74D28428653007009D1 /* ResetPasswordView.swift */ = {isa = PBXFileReference; lastKnownFileType = sourcecode.swift; path = ResetPasswordView.swift; sourceTree = "<group>"; };
		99A0D75128428C0E007009D1 /* CustomTextField.swift */ = {isa = PBXFileReference; lastKnownFileType = sourcecode.swift; path = CustomTextField.swift; sourceTree = "<group>"; };
		99A0D75328428E38007009D1 /* CustomSecureField.swift */ = {isa = PBXFileReference; lastKnownFileType = sourcecode.swift; path = CustomSecureField.swift; sourceTree = "<group>"; };
		99A0D7572843B9D6007009D1 /* PhotoLibraryPicker.swift */ = {isa = PBXFileReference; lastKnownFileType = sourcecode.swift; path = PhotoLibraryPicker.swift; sourceTree = "<group>"; };
		99A0D78A28468437007009D1 /* GoogleService-Info.plist */ = {isa = PBXFileReference; fileEncoding = 4; lastKnownFileType = text.plist.xml; path = "GoogleService-Info.plist"; sourceTree = "<group>"; };
		99A0D79028471699007009D1 /* AuthViewModel.swift */ = {isa = PBXFileReference; lastKnownFileType = sourcecode.swift; path = AuthViewModel.swift; sourceTree = "<group>"; };
/* End PBXFileReference section */

/* Begin PBXFrameworksBuildPhase section */
		99A0D70528404AE7007009D1 /* Frameworks */ = {
			isa = PBXFrameworksBuildPhase;
			buildActionMask = 2147483647;
			files = (
				999BD753284DC0B900B3EB29 /* FirebaseMessaging in Frameworks */,
				999BD74B284DC0B900B3EB29 /* FirebaseAuth in Frameworks */,
				999BD75A284DE40900B3EB29 /* Kingfisher in Frameworks */,
				999BD751284DC0B900B3EB29 /* FirebaseFunctions in Frameworks */,
				999BD755284DC0B900B3EB29 /* FirebaseStorage in Frameworks */,
				999BD74D284DC0B900B3EB29 /* FirebaseFirestore in Frameworks */,
				999BD74F284DC0B900B3EB29 /* FirebaseFirestoreSwift in Frameworks */,
			);
			runOnlyForDeploymentPostprocessing = 0;
		};
/* End PBXFrameworksBuildPhase section */

/* Begin PBXGroup section */
		999BD7832855066100B3EB29 /* Comments */ = {
			isa = PBXGroup;
			children = (
				999BD7712853583D00B3EB29 /* CommentViewModel.swift */,
				999BD7812854F8A500B3EB29 /* CommentCellViewModel.swift */,
			);
			path = Comments;
			sourceTree = "<group>";
		};
		999BD7842855AEF400B3EB29 /* UploadPost */ = {
			isa = PBXGroup;
			children = (
				999BD75F284F364B00B3EB29 /* UploadPostViewModel.swift */,
			);
			path = UploadPost;
			sourceTree = "<group>";
		};
		999BD7852855AF1600B3EB29 /* Search */ = {
			isa = PBXGroup;
			children = (
				999BD756284DD0B800B3EB29 /* SearchViewModel.swift */,
			);
			path = Search;
			sourceTree = "<group>";
		};
		999BD7862855AF2700B3EB29 /* Items */ = {
			isa = PBXGroup;
			children = (
				999BD7672852638500B3EB29 /* PostGridViewModel.swift */,
			);
			path = Items;
			sourceTree = "<group>";
		};
		99A0D6FF28404AE7007009D1 = {
			isa = PBXGroup;
			children = (
				99A0D70A28404AE7007009D1 /* InstagramSwiftUI */,
				99A0D70928404AE7007009D1 /* Products */,
			);
			sourceTree = "<group>";
		};
		99A0D70928404AE7007009D1 /* Products */ = {
			isa = PBXGroup;
			children = (
				99A0D70828404AE7007009D1 /* InstagramSwiftUI.app */,
			);
			name = Products;
			sourceTree = "<group>";
		};
		99A0D70A28404AE7007009D1 /* InstagramSwiftUI */ = {
			isa = PBXGroup;
			children = (
				99A0D71928404E56007009D1 /* Model */,
				99A0D71A28404E60007009D1 /* View */,
				99A0D71B28404E6C007009D1 /* ViewModel */,
				99A0D71C28404EB8007009D1 /* API */,
				99A0D71D28404EC0007009D1 /* Utils */,
				99A0D70B28404AE7007009D1 /* InstagramSwiftUIApp.swift */,
				99A0D78A28468437007009D1 /* GoogleService-Info.plist */,
				99A0D70F28404AEC007009D1 /* Assets.xcassets */,
				99A0D71128404AEC007009D1 /* Preview Content */,
			);
			path = InstagramSwiftUI;
			sourceTree = "<group>";
		};
		99A0D71128404AEC007009D1 /* Preview Content */ = {
			isa = PBXGroup;
			children = (
				99A0D71228404AEC007009D1 /* Preview Assets.xcassets */,
			);
			path = "Preview Content";
			sourceTree = "<group>";
		};
		99A0D71928404E56007009D1 /* Model */ = {
			isa = PBXGroup;
			children = (
				999BD747284DBD6400B3EB29 /* User.swift */,
				999BD7632851DF4400B3EB29 /* Post.swift */,
				999BD76F2853582200B3EB29 /* Comment.swift */,
				999BD77928543EEF00B3EB29 /* Notification.swift */,
			);
			path = Model;
			sourceTree = "<group>";
		};
		99A0D71A28404E60007009D1 /* View */ = {
			isa = PBXGroup;
			children = (
				99A0D72628404F89007009D1 /* Items */,
				99A0D72528404F70007009D1 /* Authentication */,
				99A0D72428404F57007009D1 /* Notifications */,
				99A0D72328404F4A007009D1 /* Search */,
				99A0D72228404F40007009D1 /* Comments */,
				99A0D72128404F34007009D1 /* Feed */,
				99A0D72028404F2A007009D1 /* Profile */,
				99A0D71F28404F0F007009D1 /* UploadPost */,
				99A0D71E28404F03007009D1 /* Main */,
			);
			path = View;
			sourceTree = "<group>";
		};
		99A0D71B28404E6C007009D1 /* ViewModel */ = {
			isa = PBXGroup;
			children = (
				999BD7862855AF2700B3EB29 /* Items */,
				99A0D78D284715E9007009D1 /* Authentication */,
				99A0D78F284715FD007009D1 /* Notifications */,
				999BD7852855AF1600B3EB29 /* Search */,
				999BD7832855066100B3EB29 /* Comments */,
				99A0D78E284715F7007009D1 /* Feed */,
				99A0D78C284715E1007009D1 /* Profile */,
				999BD7842855AEF400B3EB29 /* UploadPost */,
			);
			path = ViewModel;
			sourceTree = "<group>";
		};
		99A0D71C28404EB8007009D1 /* API */ = {
			isa = PBXGroup;
			children = (
				999BD743284D203200B3EB29 /* ImageUploader.swift */,
				999BD75D284EEF5B00B3EB29 /* UserService.swift */,
			);
			path = API;
			sourceTree = "<group>";
		};
		99A0D71D28404EC0007009D1 /* Utils */ = {
			isa = PBXGroup;
			children = (
				99A0D73D2840C2F7007009D1 /* Extensions.swift */,
				99A0D7572843B9D6007009D1 /* PhotoLibraryPicker.swift */,
				99A0D75128428C0E007009D1 /* CustomTextField.swift */,
				99A0D75328428E38007009D1 /* CustomSecureField.swift */,
				999BD745284DBB7100B3EB29 /* Constants.swift */,
				999BD7612851C6DF00B3EB29 /* TextArea.swift */,
				999BD77F2854E13900B3EB29 /* LazyView.swift */,
			);
			path = Utils;
			sourceTree = "<group>";
		};
		99A0D71E28404F03007009D1 /* Main */ = {
			isa = PBXGroup;
			children = (
				99A0D70D28404AE7007009D1 /* ContentView.swift */,
				99A0D72F2840504F007009D1 /* MainTabView.swift */,
			);
			path = Main;
			sourceTree = "<group>";
		};
		99A0D71F28404F0F007009D1 /* UploadPost */ = {
			isa = PBXGroup;
			children = (
				99A0D72728404FBC007009D1 /* UploadPostView.swift */,
			);
			path = UploadPost;
			sourceTree = "<group>";
		};
		99A0D72028404F2A007009D1 /* Profile */ = {
			isa = PBXGroup;
			children = (
				99A0D72928404FD0007009D1 /* ProfileView.swift */,
				99A0D74128420FB3007009D1 /* ProfileHeaderView.swift */,
				99A0D74528421ACE007009D1 /* ProfileActionButtonView.swift */,
				99A0D7432842165C007009D1 /* UserStatView.swift */,
			);
			path = Profile;
			sourceTree = "<group>";
		};
		99A0D72128404F34007009D1 /* Feed */ = {
			isa = PBXGroup;
			children = (
				99A0D73128405089007009D1 /* FeedView.swift */,
				99A0D73328407176007009D1 /* FeedCell.swift */,
			);
			path = Feed;
			sourceTree = "<group>";
		};
		99A0D72228404F40007009D1 /* Comments */ = {
			isa = PBXGroup;
			children = (
				999BD7732853590300B3EB29 /* CommentsView.swift */,
				999BD7752853591000B3EB29 /* CommentCell.swift */,
			);
			path = Comments;
			sourceTree = "<group>";
		};
		99A0D72328404F4A007009D1 /* Search */ = {
			isa = PBXGroup;
			children = (
				99A0D72B28404FF2007009D1 /* SearchView.swift */,
				99A0D7352840A5F2007009D1 /* SearchBar.swift */,
			);
			path = Search;
			sourceTree = "<group>";
		};
		99A0D72428404F57007009D1 /* Notifications */ = {
			isa = PBXGroup;
			children = (
				99A0D72D28405006007009D1 /* NotificationsView.swift */,
				99A0D73F2840CC66007009D1 /* NotificationCell.swift */,
			);
			path = Notifications;
			sourceTree = "<group>";
		};
		99A0D72528404F70007009D1 /* Authentication */ = {
			isa = PBXGroup;
			children = (
				99A0D74928428624007009D1 /* LoginView.swift */,
				99A0D74B28428641007009D1 /* RegistrationView.swift */,
				99A0D74D28428653007009D1 /* ResetPasswordView.swift */,
			);
			path = Authentication;
			sourceTree = "<group>";
		};
		99A0D72628404F89007009D1 /* Items */ = {
			isa = PBXGroup;
			children = (
				99A0D7372840A925007009D1 /* PostGridView.swift */,
				99A0D7392840AB22007009D1 /* UserCell.swift */,
				99A0D73B2840B434007009D1 /* UserListView.swift */,
				999BD7772853603500B3EB29 /* CustomInputView.swift */,
			);
			path = Items;
			sourceTree = "<group>";
		};
		99A0D78C284715E1007009D1 /* Profile */ = {
			isa = PBXGroup;
			children = (
				999BD75B284E3E6700B3EB29 /* ProfileViewModel.swift */,
			);
			path = Profile;
			sourceTree = "<group>";
		};
		99A0D78D284715E9007009D1 /* Authentication */ = {
			isa = PBXGroup;
			children = (
				99A0D79028471699007009D1 /* AuthViewModel.swift */,
			);
			path = Authentication;
			sourceTree = "<group>";
		};
		99A0D78E284715F7007009D1 /* Feed */ = {
			isa = PBXGroup;
			children = (
				999BD7652851E12900B3EB29 /* FeedViewModel.swift */,
				999BD7692852F1A900B3EB29 /* FeedCellViewModel.swift */,
			);
			path = Feed;
			sourceTree = "<group>";
		};
		99A0D78F284715FD007009D1 /* Notifications */ = {
			isa = PBXGroup;
			children = (
				999BD77B28544F7800B3EB29 /* NotificationsViewModel.swift */,
				999BD77D2854722B00B3EB29 /* NotificationCellViewModel.swift */,
			);
			path = Notifications;
			sourceTree = "<group>";
		};
/* End PBXGroup section */

/* Begin PBXNativeTarget section */
		99A0D70728404AE7007009D1 /* InstagramSwiftUI */ = {
			isa = PBXNativeTarget;
			buildConfigurationList = 99A0D71628404AEC007009D1 /* Build configuration list for PBXNativeTarget "InstagramSwiftUI" */;
			buildPhases = (
				99A0D70428404AE7007009D1 /* Sources */,
				99A0D70528404AE7007009D1 /* Frameworks */,
				99A0D70628404AE7007009D1 /* Resources */,
			);
			buildRules = (
			);
			dependencies = (
			);
			name = InstagramSwiftUI;
			packageProductDependencies = (
				999BD74A284DC0B900B3EB29 /* FirebaseAuth */,
				999BD74C284DC0B900B3EB29 /* FirebaseFirestore */,
				999BD74E284DC0B900B3EB29 /* FirebaseFirestoreSwift */,
				999BD750284DC0B900B3EB29 /* FirebaseFunctions */,
				999BD752284DC0B900B3EB29 /* FirebaseMessaging */,
				999BD754284DC0B900B3EB29 /* FirebaseStorage */,
				999BD759284DE40900B3EB29 /* Kingfisher */,
			);
			productName = InstagramSwiftUI;
			productReference = 99A0D70828404AE7007009D1 /* InstagramSwiftUI.app */;
			productType = "com.apple.product-type.application";
		};
/* End PBXNativeTarget section */

/* Begin PBXProject section */
		99A0D70028404AE7007009D1 /* Project object */ = {
			isa = PBXProject;
			attributes = {
				BuildIndependentTargetsInParallel = 1;
				LastSwiftUpdateCheck = 1320;
				LastUpgradeCheck = 1320;
				TargetAttributes = {
					99A0D70728404AE7007009D1 = {
						CreatedOnToolsVersion = 13.2.1;
					};
				};
			};
			buildConfigurationList = 99A0D70328404AE7007009D1 /* Build configuration list for PBXProject "InstagramSwiftUI" */;
			compatibilityVersion = "Xcode 13.0";
			developmentRegion = en;
			hasScannedForEncodings = 0;
			knownRegions = (
				en,
				Base,
			);
			mainGroup = 99A0D6FF28404AE7007009D1;
			packageReferences = (
				999BD749284DC0B900B3EB29 /* XCRemoteSwiftPackageReference "firebase-ios-sdk" */,
				999BD758284DE40900B3EB29 /* XCRemoteSwiftPackageReference "Kingfisher" */,
			);
			productRefGroup = 99A0D70928404AE7007009D1 /* Products */;
			projectDirPath = "";
			projectRoot = "";
			targets = (
				99A0D70728404AE7007009D1 /* InstagramSwiftUI */,
			);
		};
/* End PBXProject section */

/* Begin PBXResourcesBuildPhase section */
		99A0D70628404AE7007009D1 /* Resources */ = {
			isa = PBXResourcesBuildPhase;
			buildActionMask = 2147483647;
			files = (
				99A0D71328404AEC007009D1 /* Preview Assets.xcassets in Resources */,
				99A0D78B28468437007009D1 /* GoogleService-Info.plist in Resources */,
				99A0D71028404AEC007009D1 /* Assets.xcassets in Resources */,
			);
			runOnlyForDeploymentPostprocessing = 0;
		};
/* End PBXResourcesBuildPhase section */

/* Begin PBXSourcesBuildPhase section */
		99A0D70428404AE7007009D1 /* Sources */ = {
			isa = PBXSourcesBuildPhase;
			buildActionMask = 2147483647;
			files = (
				999BD7662851E12900B3EB29 /* FeedViewModel.swift in Sources */,
				99A0D73228405089007009D1 /* FeedView.swift in Sources */,
				999BD7802854E13900B3EB29 /* LazyView.swift in Sources */,
				99A0D72C28404FF2007009D1 /* SearchView.swift in Sources */,
				99A0D7382840A925007009D1 /* PostGridView.swift in Sources */,
				99A0D74C28428641007009D1 /* RegistrationView.swift in Sources */,
				999BD77C28544F7800B3EB29 /* NotificationsViewModel.swift in Sources */,
				99A0D7582843B9D6007009D1 /* PhotoLibraryPicker.swift in Sources */,
				999BD744284D203200B3EB29 /* ImageUploader.swift in Sources */,
				99A0D72A28404FD0007009D1 /* ProfileView.swift in Sources */,
				99A0D70E28404AE7007009D1 /* ContentView.swift in Sources */,
				99A0D73C2840B434007009D1 /* UserListView.swift in Sources */,
				999BD7682852638500B3EB29 /* PostGridViewModel.swift in Sources */,
				99A0D74E28428653007009D1 /* ResetPasswordView.swift in Sources */,
				99A0D72828404FBC007009D1 /* UploadPostView.swift in Sources */,
				999BD760284F364B00B3EB29 /* UploadPostViewModel.swift in Sources */,
				99A0D74228420FB4007009D1 /* ProfileHeaderView.swift in Sources */,
				999BD7762853591000B3EB29 /* CommentCell.swift in Sources */,
				999BD7722853583D00B3EB29 /* CommentViewModel.swift in Sources */,
				999BD7622851C6DF00B3EB29 /* TextArea.swift in Sources */,
				99A0D7302840504F007009D1 /* MainTabView.swift in Sources */,
				999BD75E284EEF5B00B3EB29 /* UserService.swift in Sources */,
				999BD7782853603500B3EB29 /* CustomInputView.swift in Sources */,
				99A0D7442842165C007009D1 /* UserStatView.swift in Sources */,
				99A0D70C28404AE7007009D1 /* InstagramSwiftUIApp.swift in Sources */,
				99A0D73A2840AB22007009D1 /* UserCell.swift in Sources */,
				999BD7742853590300B3EB29 /* CommentsView.swift in Sources */,
				99A0D75228428C0E007009D1 /* CustomTextField.swift in Sources */,
				99A0D75428428E38007009D1 /* CustomSecureField.swift in Sources */,
				999BD76A2852F1A900B3EB29 /* FeedCellViewModel.swift in Sources */,
				999BD7642851DF4400B3EB29 /* Post.swift in Sources */,
				999BD757284DD0B800B3EB29 /* SearchViewModel.swift in Sources */,
				99A0D7362840A5F2007009D1 /* SearchBar.swift in Sources */,
				99A0D72E28405006007009D1 /* NotificationsView.swift in Sources */,
				999BD748284DBD6400B3EB29 /* User.swift in Sources */,
				99A0D74628421ACE007009D1 /* ProfileActionButtonView.swift in Sources */,
				99A0D79128471699007009D1 /* AuthViewModel.swift in Sources */,
				999BD75C284E3E6700B3EB29 /* ProfileViewModel.swift in Sources */,
				99A0D73428407176007009D1 /* FeedCell.swift in Sources */,
				999BD7702853582200B3EB29 /* Comment.swift in Sources */,
				99A0D7402840CC66007009D1 /* NotificationCell.swift in Sources */,
				999BD77A28543EEF00B3EB29 /* Notification.swift in Sources */,
				999BD7822854F8A600B3EB29 /* CommentCellViewModel.swift in Sources */,
				999BD77E2854722B00B3EB29 /* NotificationCellViewModel.swift in Sources */,
				99A0D74A28428624007009D1 /* LoginView.swift in Sources */,
				99A0D73E2840C2F8007009D1 /* Extensions.swift in Sources */,
				999BD746284DBB7100B3EB29 /* Constants.swift in Sources */,
			);
			runOnlyForDeploymentPostprocessing = 0;
		};
/* End PBXSourcesBuildPhase section */

/* Begin XCBuildConfiguration section */
		99A0D71428404AEC007009D1 /* Debug */ = {
			isa = XCBuildConfiguration;
			buildSettings = {
				ALWAYS_SEARCH_USER_PATHS = NO;
				CLANG_ANALYZER_NONNULL = YES;
				CLANG_ANALYZER_NUMBER_OBJECT_CONVERSION = YES_AGGRESSIVE;
				CLANG_CXX_LANGUAGE_STANDARD = "gnu++17";
				CLANG_CXX_LIBRARY = "libc++";
				CLANG_ENABLE_MODULES = YES;
				CLANG_ENABLE_OBJC_ARC = YES;
				CLANG_ENABLE_OBJC_WEAK = YES;
				CLANG_WARN_BLOCK_CAPTURE_AUTORELEASING = YES;
				CLANG_WARN_BOOL_CONVERSION = YES;
				CLANG_WARN_COMMA = YES;
				CLANG_WARN_CONSTANT_CONVERSION = YES;
				CLANG_WARN_DEPRECATED_OBJC_IMPLEMENTATIONS = YES;
				CLANG_WARN_DIRECT_OBJC_ISA_USAGE = YES_ERROR;
				CLANG_WARN_DOCUMENTATION_COMMENTS = YES;
				CLANG_WARN_EMPTY_BODY = YES;
				CLANG_WARN_ENUM_CONVERSION = YES;
				CLANG_WARN_INFINITE_RECURSION = YES;
				CLANG_WARN_INT_CONVERSION = YES;
				CLANG_WARN_NON_LITERAL_NULL_CONVERSION = YES;
				CLANG_WARN_OBJC_IMPLICIT_RETAIN_SELF = YES;
				CLANG_WARN_OBJC_LITERAL_CONVERSION = YES;
				CLANG_WARN_OBJC_ROOT_CLASS = YES_ERROR;
				CLANG_WARN_QUOTED_INCLUDE_IN_FRAMEWORK_HEADER = YES;
				CLANG_WARN_RANGE_LOOP_ANALYSIS = YES;
				CLANG_WARN_STRICT_PROTOTYPES = YES;
				CLANG_WARN_SUSPICIOUS_MOVE = YES;
				CLANG_WARN_UNGUARDED_AVAILABILITY = YES_AGGRESSIVE;
				CLANG_WARN_UNREACHABLE_CODE = YES;
				CLANG_WARN__DUPLICATE_METHOD_MATCH = YES;
				COPY_PHASE_STRIP = NO;
				DEBUG_INFORMATION_FORMAT = dwarf;
				ENABLE_STRICT_OBJC_MSGSEND = YES;
				ENABLE_TESTABILITY = YES;
				GCC_C_LANGUAGE_STANDARD = gnu11;
				GCC_DYNAMIC_NO_PIC = NO;
				GCC_NO_COMMON_BLOCKS = YES;
				GCC_OPTIMIZATION_LEVEL = 0;
				GCC_PREPROCESSOR_DEFINITIONS = (
					"DEBUG=1",
					"$(inherited)",
				);
				GCC_WARN_64_TO_32_BIT_CONVERSION = YES;
				GCC_WARN_ABOUT_RETURN_TYPE = YES_ERROR;
				GCC_WARN_UNDECLARED_SELECTOR = YES;
				GCC_WARN_UNINITIALIZED_AUTOS = YES_AGGRESSIVE;
				GCC_WARN_UNUSED_FUNCTION = YES;
				GCC_WARN_UNUSED_VARIABLE = YES;
				IPHONEOS_DEPLOYMENT_TARGET = 15.2;
				MTL_ENABLE_DEBUG_INFO = INCLUDE_SOURCE;
				MTL_FAST_MATH = YES;
				ONLY_ACTIVE_ARCH = YES;
				SDKROOT = iphoneos;
				SWIFT_ACTIVE_COMPILATION_CONDITIONS = DEBUG;
				SWIFT_OPTIMIZATION_LEVEL = "-Onone";
			};
			name = Debug;
		};
		99A0D71528404AEC007009D1 /* Release */ = {
			isa = XCBuildConfiguration;
			buildSettings = {
				ALWAYS_SEARCH_USER_PATHS = NO;
				CLANG_ANALYZER_NONNULL = YES;
				CLANG_ANALYZER_NUMBER_OBJECT_CONVERSION = YES_AGGRESSIVE;
				CLANG_CXX_LANGUAGE_STANDARD = "gnu++17";
				CLANG_CXX_LIBRARY = "libc++";
				CLANG_ENABLE_MODULES = YES;
				CLANG_ENABLE_OBJC_ARC = YES;
				CLANG_ENABLE_OBJC_WEAK = YES;
				CLANG_WARN_BLOCK_CAPTURE_AUTORELEASING = YES;
				CLANG_WARN_BOOL_CONVERSION = YES;
				CLANG_WARN_COMMA = YES;
				CLANG_WARN_CONSTANT_CONVERSION = YES;
				CLANG_WARN_DEPRECATED_OBJC_IMPLEMENTATIONS = YES;
				CLANG_WARN_DIRECT_OBJC_ISA_USAGE = YES_ERROR;
				CLANG_WARN_DOCUMENTATION_COMMENTS = YES;
				CLANG_WARN_EMPTY_BODY = YES;
				CLANG_WARN_ENUM_CONVERSION = YES;
				CLANG_WARN_INFINITE_RECURSION = YES;
				CLANG_WARN_INT_CONVERSION = YES;
				CLANG_WARN_NON_LITERAL_NULL_CONVERSION = YES;
				CLANG_WARN_OBJC_IMPLICIT_RETAIN_SELF = YES;
				CLANG_WARN_OBJC_LITERAL_CONVERSION = YES;
				CLANG_WARN_OBJC_ROOT_CLASS = YES_ERROR;
				CLANG_WARN_QUOTED_INCLUDE_IN_FRAMEWORK_HEADER = YES;
				CLANG_WARN_RANGE_LOOP_ANALYSIS = YES;
				CLANG_WARN_STRICT_PROTOTYPES = YES;
				CLANG_WARN_SUSPICIOUS_MOVE = YES;
				CLANG_WARN_UNGUARDED_AVAILABILITY = YES_AGGRESSIVE;
				CLANG_WARN_UNREACHABLE_CODE = YES;
				CLANG_WARN__DUPLICATE_METHOD_MATCH = YES;
				COPY_PHASE_STRIP = NO;
				DEBUG_INFORMATION_FORMAT = "dwarf-with-dsym";
				ENABLE_NS_ASSERTIONS = NO;
				ENABLE_STRICT_OBJC_MSGSEND = YES;
				GCC_C_LANGUAGE_STANDARD = gnu11;
				GCC_NO_COMMON_BLOCKS = YES;
				GCC_WARN_64_TO_32_BIT_CONVERSION = YES;
				GCC_WARN_ABOUT_RETURN_TYPE = YES_ERROR;
				GCC_WARN_UNDECLARED_SELECTOR = YES;
				GCC_WARN_UNINITIALIZED_AUTOS = YES_AGGRESSIVE;
				GCC_WARN_UNUSED_FUNCTION = YES;
				GCC_WARN_UNUSED_VARIABLE = YES;
				IPHONEOS_DEPLOYMENT_TARGET = 15.2;
				MTL_ENABLE_DEBUG_INFO = NO;
				MTL_FAST_MATH = YES;
				SDKROOT = iphoneos;
				SWIFT_COMPILATION_MODE = wholemodule;
				SWIFT_OPTIMIZATION_LEVEL = "-O";
				VALIDATE_PRODUCT = YES;
			};
			name = Release;
		};
		99A0D71728404AEC007009D1 /* Debug */ = {
			isa = XCBuildConfiguration;
			buildSettings = {
				ASSETCATALOG_COMPILER_APPICON_NAME = AppIcon;
				ASSETCATALOG_COMPILER_GLOBAL_ACCENT_COLOR_NAME = AccentColor;
				CODE_SIGN_STYLE = Automatic;
				CURRENT_PROJECT_VERSION = 1;
				DEVELOPMENT_ASSET_PATHS = "\"InstagramSwiftUI/Preview Content\"";
				DEVELOPMENT_TEAM = 4KX39VZ9JG;
				ENABLE_PREVIEWS = YES;
				GENERATE_INFOPLIST_FILE = YES;
				INFOPLIST_KEY_UIApplicationSceneManifest_Generation = YES;
				INFOPLIST_KEY_UIApplicationSupportsIndirectInputEvents = YES;
				INFOPLIST_KEY_UILaunchScreen_Generation = YES;
				INFOPLIST_KEY_UISupportedInterfaceOrientations_iPad = "UIInterfaceOrientationPortrait UIInterfaceOrientationPortraitUpsideDown UIInterfaceOrientationLandscapeLeft UIInterfaceOrientationLandscapeRight";
				INFOPLIST_KEY_UISupportedInterfaceOrientations_iPhone = "UIInterfaceOrientationPortrait UIInterfaceOrientationLandscapeLeft UIInterfaceOrientationLandscapeRight";
				LD_RUNPATH_SEARCH_PATHS = (
					"$(inherited)",
					"@executable_path/Frameworks",
				);
				MARKETING_VERSION = 1.0;
				PRODUCT_BUNDLE_IDENTIFIER = com.ToshikiYanagimoto.InstagramSwiftUI;
				PRODUCT_NAME = "$(TARGET_NAME)";
				SWIFT_EMIT_LOC_STRINGS = YES;
				SWIFT_VERSION = 5.0;
				TARGETED_DEVICE_FAMILY = "1,2";
			};
			name = Debug;
		};
		99A0D71828404AEC007009D1 /* Release */ = {
			isa = XCBuildConfiguration;
			buildSettings = {
				ASSETCATALOG_COMPILER_APPICON_NAME = AppIcon;
				ASSETCATALOG_COMPILER_GLOBAL_ACCENT_COLOR_NAME = AccentColor;
				CODE_SIGN_STYLE = Automatic;
				CURRENT_PROJECT_VERSION = 1;
				DEVELOPMENT_ASSET_PATHS = "\"InstagramSwiftUI/Preview Content\"";
				DEVELOPMENT_TEAM = 4KX39VZ9JG;
				ENABLE_PREVIEWS = YES;
				GENERATE_INFOPLIST_FILE = YES;
				INFOPLIST_KEY_UIApplicationSceneManifest_Generation = YES;
				INFOPLIST_KEY_UIApplicationSupportsIndirectInputEvents = YES;
				INFOPLIST_KEY_UILaunchScreen_Generation = YES;
				INFOPLIST_KEY_UISupportedInterfaceOrientations_iPad = "UIInterfaceOrientationPortrait UIInterfaceOrientationPortraitUpsideDown UIInterfaceOrientationLandscapeLeft UIInterfaceOrientationLandscapeRight";
				INFOPLIST_KEY_UISupportedInterfaceOrientations_iPhone = "UIInterfaceOrientationPortrait UIInterfaceOrientationLandscapeLeft UIInterfaceOrientationLandscapeRight";
				LD_RUNPATH_SEARCH_PATHS = (
					"$(inherited)",
					"@executable_path/Frameworks",
				);
				MARKETING_VERSION = 1.0;
				PRODUCT_BUNDLE_IDENTIFIER = com.ToshikiYanagimoto.InstagramSwiftUI;
				PRODUCT_NAME = "$(TARGET_NAME)";
				SWIFT_EMIT_LOC_STRINGS = YES;
				SWIFT_VERSION = 5.0;
				TARGETED_DEVICE_FAMILY = "1,2";
			};
			name = Release;
		};
/* End XCBuildConfiguration section */

/* Begin XCConfigurationList section */
		99A0D70328404AE7007009D1 /* Build configuration list for PBXProject "InstagramSwiftUI" */ = {
			isa = XCConfigurationList;
			buildConfigurations = (
				99A0D71428404AEC007009D1 /* Debug */,
				99A0D71528404AEC007009D1 /* Release */,
			);
			defaultConfigurationIsVisible = 0;
			defaultConfigurationName = Release;
		};
		99A0D71628404AEC007009D1 /* Build configuration list for PBXNativeTarget "InstagramSwiftUI" */ = {
			isa = XCConfigurationList;
			buildConfigurations = (
				99A0D71728404AEC007009D1 /* Debug */,
				99A0D71828404AEC007009D1 /* Release */,
			);
			defaultConfigurationIsVisible = 0;
			defaultConfigurationName = Release;
		};
/* End XCConfigurationList section */

/* Begin XCRemoteSwiftPackageReference section */
		999BD749284DC0B900B3EB29 /* XCRemoteSwiftPackageReference "firebase-ios-sdk" */ = {
			isa = XCRemoteSwiftPackageReference;
			repositoryURL = "https://github.com/firebase/firebase-ios-sdk.git";
			requirement = {
				branch = master;
				kind = branch;
			};
		};
		999BD758284DE40900B3EB29 /* XCRemoteSwiftPackageReference "Kingfisher" */ = {
			isa = XCRemoteSwiftPackageReference;
			repositoryURL = "https://github.com/onevcat/Kingfisher.git";
			requirement = {
				branch = master;
				kind = branch;
			};
		};
/* End XCRemoteSwiftPackageReference section */

/* Begin XCSwiftPackageProductDependency section */
		999BD74A284DC0B900B3EB29 /* FirebaseAuth */ = {
			isa = XCSwiftPackageProductDependency;
			package = 999BD749284DC0B900B3EB29 /* XCRemoteSwiftPackageReference "firebase-ios-sdk" */;
			productName = FirebaseAuth;
		};
		999BD74C284DC0B900B3EB29 /* FirebaseFirestore */ = {
			isa = XCSwiftPackageProductDependency;
			package = 999BD749284DC0B900B3EB29 /* XCRemoteSwiftPackageReference "firebase-ios-sdk" */;
			productName = FirebaseFirestore;
		};
		999BD74E284DC0B900B3EB29 /* FirebaseFirestoreSwift */ = {
			isa = XCSwiftPackageProductDependency;
			package = 999BD749284DC0B900B3EB29 /* XCRemoteSwiftPackageReference "firebase-ios-sdk" */;
			productName = FirebaseFirestoreSwift;
		};
		999BD750284DC0B900B3EB29 /* FirebaseFunctions */ = {
			isa = XCSwiftPackageProductDependency;
			package = 999BD749284DC0B900B3EB29 /* XCRemoteSwiftPackageReference "firebase-ios-sdk" */;
			productName = FirebaseFunctions;
		};
		999BD752284DC0B900B3EB29 /* FirebaseMessaging */ = {
			isa = XCSwiftPackageProductDependency;
			package = 999BD749284DC0B900B3EB29 /* XCRemoteSwiftPackageReference "firebase-ios-sdk" */;
			productName = FirebaseMessaging;
		};
		999BD754284DC0B900B3EB29 /* FirebaseStorage */ = {
			isa = XCSwiftPackageProductDependency;
			package = 999BD749284DC0B900B3EB29 /* XCRemoteSwiftPackageReference "firebase-ios-sdk" */;
			productName = FirebaseStorage;
		};
		999BD759284DE40900B3EB29 /* Kingfisher */ = {
			isa = XCSwiftPackageProductDependency;
			package = 999BD758284DE40900B3EB29 /* XCRemoteSwiftPackageReference "Kingfisher" */;
			productName = Kingfisher;
		};
/* End XCSwiftPackageProductDependency section */
	};
	rootObject = 99A0D70028404AE7007009D1 /* Project object */;
}
